Microsoft Visual Studio Solution File, Format Version 11.00
# Visual Studio 2008

Project("{76063F18-22D8-58E3-C41E-AE6486CD4F62}") = "UnityClaro_02_Diciembre_01", "Assembly-CSharp-firstpass.csproj", "{7B5D03F0-C2AE-D767-FD19-243E80534CE1}"
EndProject
Project("{76063F18-22D8-58E3-C41E-AE6486CD4F62}") = "UnityClaro_02_Diciembre_01", "Assembly-CSharp.csproj", "{4E9416E8-4D2B-35E5-7C90-2FC0805541C7}"
EndProject
Project("{76063F18-22D8-58E3-C41E-AE6486CD4F62}") = "UnityClaro_02_Diciembre_01", "Assembly-CSharp-Editor.csproj", "{A47BB308-9541-C2EA-A965-C5870577E836}"
EndProject
Project("{76063F18-22D8-58E3-C41E-AE6486CD4F62}") = "UnityClaro_02_Diciembre_01", "Assembly-UnityScript.unityproj", "{D492BD52-EAC6-7E7A-DECE-E46158C8AB19}"
EndProject
Global
	GlobalSection(SolutionConfigurationPlatforms) = preSolution
		Debug|Any CPU = Debug|Any CPU
		Release|Any CPU = Release|Any CPU
	EndGlobalSection
	GlobalSection(ProjectConfigurationPlatforms) = postSolution
		{7B5D03F0-C2AE-D767-FD19-243E80534CE1}.Debug|Any CPU.ActiveCfg = Debug|Any CPU
		{7B5D03F0-C2AE-D767-FD19-243E80534CE1}.Debug|Any CPU.Build.0 = Debug|Any CPU
		{7B5D03F0-C2AE-D767-FD19-243E80534CE1}.Release|Any CPU.ActiveCfg = Release|Any CPU
		{7B5D03F0-C2AE-D767-FD19-243E80534CE1}.Release|Any CPU.Build.0 = Release|Any CPU
		{4E9416E8-4D2B-35E5-7C90-2FC0805541C7}.Debug|Any CPU.ActiveCfg = Debug|Any CPU
		{4E9416E8-4D2B-35E5-7C90-2FC0805541C7}.Debug|Any CPU.Build.0 = Debug|Any CPU
		{4E9416E8-4D2B-35E5-7C90-2FC0805541C7}.Release|Any CPU.ActiveCfg = Release|Any CPU
		{4E9416E8-4D2B-35E5-7C90-2FC0805541C7}.Release|Any CPU.Build.0 = Release|Any CPU
		{A47BB308-9541-C2EA-A965-C5870577E836}.Debug|Any CPU.ActiveCfg = Debug|Any CPU
		{A47BB308-9541-C2EA-A965-C5870577E836}.Debug|Any CPU.Build.0 = Debug|Any CPU
		{A47BB308-9541-C2EA-A965-C5870577E836}.Release|Any CPU.ActiveCfg = Release|Any CPU
		{A47BB308-9541-C2EA-A965-C5870577E836}.Release|Any CPU.Build.0 = Release|Any CPU
		{D492BD52-EAC6-7E7A-DECE-E46158C8AB19}.Debug|Any CPU.ActiveCfg = Debug|Any CPU
		{D492BD52-EAC6-7E7A-DECE-E46158C8AB19}.Debug|Any CPU.Build.0 = Debug|Any CPU
		{D492BD52-EAC6-7E7A-DECE-E46158C8AB19}.Release|Any CPU.ActiveCfg = Release|Any CPU
		{D492BD52-EAC6-7E7A-DECE-E46158C8AB19}.Release|Any CPU.Build.0 = Release|Any CPU
	EndGlobalSection
	GlobalSection(SolutionProperties) = preSolution
		HideSolutionNode = FALSE
	EndGlobalSection
		GlobalSection(MonoDevelopProperties) = preSolution
		StartupItem = Assembly-CSharp.csproj
		Policies = $0
		$0.TextStylePolicy = $1
		$1.inheritsSet = null
		$1.scope = text/x-csharp
		$0.CSharpFormattingPolicy = $2
		$2.inheritsSet = Mono
		$2.inheritsScope = text/x-csharp
		$2.scope = text/x-csharp
		$0.TextStylePolicy = $3
		$3.FileWidth = 120
		$3.TabWidth = 4
		$3.IndentWidth = 4
		$3.EolMarker = Unix
		$3.inheritsSet = Mono
		$3.inheritsScope = text/plain
		$3.scope = text/plain
	EndGlobalSection

EndGlobal
