Microsoft Visual Studio Solution File, Format Version 11.00
# Visual Studio 2008

Project("{B5EE52D0-BDA7-3D73-D042-2EBA8E08E307}") = "UnityClaro_08_Diciembre_11", "Assembly-CSharp-firstpass.csproj", "{461F5C67-D2D2-196E-C0DD-EF8E6EDA6287}"
EndProject
Project("{B5EE52D0-BDA7-3D73-D042-2EBA8E08E307}") = "UnityClaro_08_Diciembre_11", "Assembly-CSharp.csproj", "{C45BB916-BB7A-21F5-2B5E-308B60D82758}"
EndProject
Project("{B5EE52D0-BDA7-3D73-D042-2EBA8E08E307}") = "UnityClaro_08_Diciembre_11", "Assembly-CSharp-Editor.csproj", "{86D173D8-34D6-B8D1-544E-2A70FA106D34}"
EndProject
Global
	GlobalSection(SolutionConfigurationPlatforms) = preSolution
		Debug|Any CPU = Debug|Any CPU
		Release|Any CPU = Release|Any CPU
	EndGlobalSection
	GlobalSection(ProjectConfigurationPlatforms) = postSolution
		{461F5C67-D2D2-196E-C0DD-EF8E6EDA6287}.Debug|Any CPU.ActiveCfg = Debug|Any CPU
		{461F5C67-D2D2-196E-C0DD-EF8E6EDA6287}.Debug|Any CPU.Build.0 = Debug|Any CPU
		{461F5C67-D2D2-196E-C0DD-EF8E6EDA6287}.Release|Any CPU.ActiveCfg = Release|Any CPU
		{461F5C67-D2D2-196E-C0DD-EF8E6EDA6287}.Release|Any CPU.Build.0 = Release|Any CPU
		{C45BB916-BB7A-21F5-2B5E-308B60D82758}.Debug|Any CPU.ActiveCfg = Debug|Any CPU
		{C45BB916-BB7A-21F5-2B5E-308B60D82758}.Debug|Any CPU.Build.0 = Debug|Any CPU
		{C45BB916-BB7A-21F5-2B5E-308B60D82758}.Release|Any CPU.ActiveCfg = Release|Any CPU
		{C45BB916-BB7A-21F5-2B5E-308B60D82758}.Release|Any CPU.Build.0 = Release|Any CPU
		{86D173D8-34D6-B8D1-544E-2A70FA106D34}.Debug|Any CPU.ActiveCfg = Debug|Any CPU
		{86D173D8-34D6-B8D1-544E-2A70FA106D34}.Debug|Any CPU.Build.0 = Debug|Any CPU
		{86D173D8-34D6-B8D1-544E-2A70FA106D34}.Release|Any CPU.ActiveCfg = Release|Any CPU
		{86D173D8-34D6-B8D1-544E-2A70FA106D34}.Release|Any CPU.Build.0 = Release|Any CPU
	EndGlobalSection
	GlobalSection(SolutionProperties) = preSolution
		HideSolutionNode = FALSE
	EndGlobalSection
			GlobalSection(MonoDevelopProperties) = preSolution
		StartupItem = Assembly-CSharp.csproj
		Policies = $0
		$0.TextStylePolicy = $1
		$1.inheritsSet = null
		$1.scope = text/x-csharp
		$0.CSharpFormattingPolicy = $2
		$2.inheritsSet = Mono
		$2.inheritsScope = text/x-csharp
		$2.scope = text/x-csharp
		$0.TextStylePolicy = $3
		$3.FileWidth = 120
		$3.TabWidth = 4
		$3.IndentWidth = 4
		$3.EolMarker = Unix
		$3.inheritsSet = Mono
		$3.inheritsScope = text/plain
		$3.scope = text/plain
	EndGlobalSection

EndGlobal
