Microsoft Visual Studio Solution File, Format Version 11.00
# Visual Studio 2008

Project("{0B5E38AA-FBC1-1EC3-AC3F-CEDE6962F080}") = "UnityClaro_03_Diciembre_05", "Assembly-CSharp-firstpass.csproj", "{4801625C-19E6-1265-3505-13E495D140D3}"
EndProject
Project("{0B5E38AA-FBC1-1EC3-AC3F-CEDE6962F080}") = "UnityClaro_03_Diciembre_05", "Assembly-CSharp.csproj", "{517862E9-1B20-623B-DA09-BB9016DA1860}"
EndProject
Project("{0B5E38AA-FBC1-1EC3-AC3F-CEDE6962F080}") = "UnityClaro_03_Diciembre_05", "Assembly-CSharp-Editor.csproj", "{45ABD9D4-C99B-617B-E892-28BC11E3E20F}"
EndProject
Global
	GlobalSection(SolutionConfigurationPlatforms) = preSolution
		Debug|Any CPU = Debug|Any CPU
		Release|Any CPU = Release|Any CPU
	EndGlobalSection
	GlobalSection(ProjectConfigurationPlatforms) = postSolution
		{4801625C-19E6-1265-3505-13E495D140D3}.Debug|Any CPU.ActiveCfg = Debug|Any CPU
		{4801625C-19E6-1265-3505-13E495D140D3}.Debug|Any CPU.Build.0 = Debug|Any CPU
		{4801625C-19E6-1265-3505-13E495D140D3}.Release|Any CPU.ActiveCfg = Release|Any CPU
		{4801625C-19E6-1265-3505-13E495D140D3}.Release|Any CPU.Build.0 = Release|Any CPU
		{517862E9-1B20-623B-DA09-BB9016DA1860}.Debug|Any CPU.ActiveCfg = Debug|Any CPU
		{517862E9-1B20-623B-DA09-BB9016DA1860}.Debug|Any CPU.Build.0 = Debug|Any CPU
		{517862E9-1B20-623B-DA09-BB9016DA1860}.Release|Any CPU.ActiveCfg = Release|Any CPU
		{517862E9-1B20-623B-DA09-BB9016DA1860}.Release|Any CPU.Build.0 = Release|Any CPU
		{45ABD9D4-C99B-617B-E892-28BC11E3E20F}.Debug|Any CPU.ActiveCfg = Debug|Any CPU
		{45ABD9D4-C99B-617B-E892-28BC11E3E20F}.Debug|Any CPU.Build.0 = Debug|Any CPU
		{45ABD9D4-C99B-617B-E892-28BC11E3E20F}.Release|Any CPU.ActiveCfg = Release|Any CPU
		{45ABD9D4-C99B-617B-E892-28BC11E3E20F}.Release|Any CPU.Build.0 = Release|Any CPU
	EndGlobalSection
	GlobalSection(SolutionProperties) = preSolution
		HideSolutionNode = FALSE
	EndGlobalSection
							GlobalSection(MonoDevelopProperties) = preSolution
		StartupItem = Assembly-CSharp.csproj
		Policies = $0
		$0.TextStylePolicy = $1
		$1.inheritsSet = null
		$1.scope = text/x-csharp
		$0.CSharpFormattingPolicy = $2
		$2.inheritsSet = Mono
		$2.inheritsScope = text/x-csharp
		$2.scope = text/x-csharp
		$0.TextStylePolicy = $3
		$3.FileWidth = 120
		$3.TabWidth = 4
		$3.IndentWidth = 4
		$3.EolMarker = Unix
		$3.inheritsSet = Mono
		$3.inheritsScope = text/plain
		$3.scope = text/plain
	EndGlobalSection

EndGlobal
