Microsoft Visual Studio Solution File, Format Version 11.00
# Visual Studio 2008

Project("{23828D2E-D742-ED1F-BD68-1ED3EF2A297A}") = "UnityClaro_08_Diciembre_02", "Assembly-CSharp-firstpass.csproj", "{43ADD175-48A8-A169-D765-21591250480D}"
EndProject
Project("{23828D2E-D742-ED1F-BD68-1ED3EF2A297A}") = "UnityClaro_08_Diciembre_02", "Assembly-CSharp.csproj", "{60FD9764-63D4-6E0E-EC79-5DEE2C7A4D1C}"
EndProject
Project("{23828D2E-D742-ED1F-BD68-1ED3EF2A297A}") = "UnityClaro_08_Diciembre_02", "Assembly-CSharp-Editor.csproj", "{F58147F3-597E-8097-D475-C7CCFD4E4885}"
EndProject
Global
	GlobalSection(SolutionConfigurationPlatforms) = preSolution
		Debug|Any CPU = Debug|Any CPU
		Release|Any CPU = Release|Any CPU
	EndGlobalSection
	GlobalSection(ProjectConfigurationPlatforms) = postSolution
		{43ADD175-48A8-A169-D765-21591250480D}.Debug|Any CPU.ActiveCfg = Debug|Any CPU
		{43ADD175-48A8-A169-D765-21591250480D}.Debug|Any CPU.Build.0 = Debug|Any CPU
		{43ADD175-48A8-A169-D765-21591250480D}.Release|Any CPU.ActiveCfg = Release|Any CPU
		{43ADD175-48A8-A169-D765-21591250480D}.Release|Any CPU.Build.0 = Release|Any CPU
		{60FD9764-63D4-6E0E-EC79-5DEE2C7A4D1C}.Debug|Any CPU.ActiveCfg = Debug|Any CPU
		{60FD9764-63D4-6E0E-EC79-5DEE2C7A4D1C}.Debug|Any CPU.Build.0 = Debug|Any CPU
		{60FD9764-63D4-6E0E-EC79-5DEE2C7A4D1C}.Release|Any CPU.ActiveCfg = Release|Any CPU
		{60FD9764-63D4-6E0E-EC79-5DEE2C7A4D1C}.Release|Any CPU.Build.0 = Release|Any CPU
		{F58147F3-597E-8097-D475-C7CCFD4E4885}.Debug|Any CPU.ActiveCfg = Debug|Any CPU
		{F58147F3-597E-8097-D475-C7CCFD4E4885}.Debug|Any CPU.Build.0 = Debug|Any CPU
		{F58147F3-597E-8097-D475-C7CCFD4E4885}.Release|Any CPU.ActiveCfg = Release|Any CPU
		{F58147F3-597E-8097-D475-C7CCFD4E4885}.Release|Any CPU.Build.0 = Release|Any CPU
	EndGlobalSection
	GlobalSection(SolutionProperties) = preSolution
		HideSolutionNode = FALSE
	EndGlobalSection
	GlobalSection(MonoDevelopProperties) = preSolution
		StartupItem = Assembly-CSharp.csproj
		Policies = $0
		$0.TextStylePolicy = $1
		$1.inheritsSet = null
		$1.scope = text/x-csharp
		$0.CSharpFormattingPolicy = $2
		$2.inheritsSet = Mono
		$2.inheritsScope = text/x-csharp
		$2.scope = text/x-csharp
		$0.TextStylePolicy = $3
		$3.FileWidth = 120
		$3.TabWidth = 4
		$3.IndentWidth = 4
		$3.EolMarker = Unix
		$3.inheritsSet = Mono
		$3.inheritsScope = text/plain
		$3.scope = text/plain
	EndGlobalSection
EndGlobal
