Microsoft Visual Studio Solution File, Format Version 11.00
# Visual Studio 2008

Project("{13462778-A408-3537-D243-7FC8E916A100}") = "UnityClaro_14_junio_01", "Assembly-CSharp-firstpass.csproj", "{34D0307F-17A9-DB36-C99B-836731734E8C}"
EndProject
Project("{13462778-A408-3537-D243-7FC8E916A100}") = "UnityClaro_14_junio_01", "Assembly-CSharp.csproj", "{B0ADC669-8503-6C61-62B2-3E3FAF376237}"
EndProject
Project("{13462778-A408-3537-D243-7FC8E916A100}") = "UnityClaro_14_junio_01", "Assembly-CSharp-Editor.csproj", "{C3F29606-E047-85AC-ACCC-6B5DD22CE4A2}"
EndProject
Project("{13462778-A408-3537-D243-7FC8E916A100}") = "UnityClaro_14_junio_01", "Assembly-UnityScript.unityproj", "{3077D7C4-7899-BF7B-4FB2-DE0AA3BC268C}"
EndProject
Global
	GlobalSection(SolutionConfigurationPlatforms) = preSolution
		Debug|Any CPU = Debug|Any CPU
		Release|Any CPU = Release|Any CPU
	EndGlobalSection
	GlobalSection(ProjectConfigurationPlatforms) = postSolution
		{34D0307F-17A9-DB36-C99B-836731734E8C}.Debug|Any CPU.ActiveCfg = Debug|Any CPU
		{34D0307F-17A9-DB36-C99B-836731734E8C}.Debug|Any CPU.Build.0 = Debug|Any CPU
		{34D0307F-17A9-DB36-C99B-836731734E8C}.Release|Any CPU.ActiveCfg = Release|Any CPU
		{34D0307F-17A9-DB36-C99B-836731734E8C}.Release|Any CPU.Build.0 = Release|Any CPU
		{B0ADC669-8503-6C61-62B2-3E3FAF376237}.Debug|Any CPU.ActiveCfg = Debug|Any CPU
		{B0ADC669-8503-6C61-62B2-3E3FAF376237}.Debug|Any CPU.Build.0 = Debug|Any CPU
		{B0ADC669-8503-6C61-62B2-3E3FAF376237}.Release|Any CPU.ActiveCfg = Release|Any CPU
		{B0ADC669-8503-6C61-62B2-3E3FAF376237}.Release|Any CPU.Build.0 = Release|Any CPU
		{C3F29606-E047-85AC-ACCC-6B5DD22CE4A2}.Debug|Any CPU.ActiveCfg = Debug|Any CPU
		{C3F29606-E047-85AC-ACCC-6B5DD22CE4A2}.Debug|Any CPU.Build.0 = Debug|Any CPU
		{C3F29606-E047-85AC-ACCC-6B5DD22CE4A2}.Release|Any CPU.ActiveCfg = Release|Any CPU
		{C3F29606-E047-85AC-ACCC-6B5DD22CE4A2}.Release|Any CPU.Build.0 = Release|Any CPU
		{3077D7C4-7899-BF7B-4FB2-DE0AA3BC268C}.Debug|Any CPU.ActiveCfg = Debug|Any CPU
		{3077D7C4-7899-BF7B-4FB2-DE0AA3BC268C}.Debug|Any CPU.Build.0 = Debug|Any CPU
		{3077D7C4-7899-BF7B-4FB2-DE0AA3BC268C}.Release|Any CPU.ActiveCfg = Release|Any CPU
		{3077D7C4-7899-BF7B-4FB2-DE0AA3BC268C}.Release|Any CPU.Build.0 = Release|Any CPU
	EndGlobalSection
	GlobalSection(SolutionProperties) = preSolution
		HideSolutionNode = FALSE
	EndGlobalSection
	GlobalSection(MonoDevelopProperties) = preSolution
		StartupItem = Assembly-CSharp.csproj
		Policies = $0
		$0.TextStylePolicy = $1
		$1.inheritsSet = null
		$1.scope = text/x-csharp
		$0.CSharpFormattingPolicy = $2
		$2.inheritsSet = Mono
		$2.inheritsScope = text/x-csharp
		$2.scope = text/x-csharp
		$0.TextStylePolicy = $3
		$3.FileWidth = 120
		$3.TabWidth = 4
		$3.IndentWidth = 4
		$3.EolMarker = Unix
		$3.inheritsSet = Mono
		$3.inheritsScope = text/plain
		$3.scope = text/plain
	EndGlobalSection
EndGlobal
