Microsoft Visual Studio Solution File, Format Version 11.00
# Visual Studio 2008

Project("{9EF7A975-3B4A-2D04-2F85-3B51125FF928}") = "UnityClaro_06_Noviembre_02", "Assembly-CSharp-firstpass.csproj", "{CA22D9F1-0A95-EBFD-9065-382C4CF9EA5E}"
EndProject
Project("{9EF7A975-3B4A-2D04-2F85-3B51125FF928}") = "UnityClaro_06_Noviembre_02", "Assembly-CSharp.csproj", "{AE2270BF-A32C-C952-AD23-469677DB1324}"
EndProject
Project("{9EF7A975-3B4A-2D04-2F85-3B51125FF928}") = "UnityClaro_06_Noviembre_02", "Assembly-CSharp-Editor.csproj", "{264FD8D2-5602-1C66-F5EB-88CD2BFDB5C1}"
EndProject
Project("{9EF7A975-3B4A-2D04-2F85-3B51125FF928}") = "UnityClaro_06_Noviembre_02", "Assembly-UnityScript.unityproj", "{C0441F13-7EC5-161A-C01B-9887F637EA38}"
EndProject
Global
	GlobalSection(SolutionConfigurationPlatforms) = preSolution
		Debug|Any CPU = Debug|Any CPU
		Release|Any CPU = Release|Any CPU
	EndGlobalSection
	GlobalSection(ProjectConfigurationPlatforms) = postSolution
		{CA22D9F1-0A95-EBFD-9065-382C4CF9EA5E}.Debug|Any CPU.ActiveCfg = Debug|Any CPU
		{CA22D9F1-0A95-EBFD-9065-382C4CF9EA5E}.Debug|Any CPU.Build.0 = Debug|Any CPU
		{CA22D9F1-0A95-EBFD-9065-382C4CF9EA5E}.Release|Any CPU.ActiveCfg = Release|Any CPU
		{CA22D9F1-0A95-EBFD-9065-382C4CF9EA5E}.Release|Any CPU.Build.0 = Release|Any CPU
		{AE2270BF-A32C-C952-AD23-469677DB1324}.Debug|Any CPU.ActiveCfg = Debug|Any CPU
		{AE2270BF-A32C-C952-AD23-469677DB1324}.Debug|Any CPU.Build.0 = Debug|Any CPU
		{AE2270BF-A32C-C952-AD23-469677DB1324}.Release|Any CPU.ActiveCfg = Release|Any CPU
		{AE2270BF-A32C-C952-AD23-469677DB1324}.Release|Any CPU.Build.0 = Release|Any CPU
		{264FD8D2-5602-1C66-F5EB-88CD2BFDB5C1}.Debug|Any CPU.ActiveCfg = Debug|Any CPU
		{264FD8D2-5602-1C66-F5EB-88CD2BFDB5C1}.Debug|Any CPU.Build.0 = Debug|Any CPU
		{264FD8D2-5602-1C66-F5EB-88CD2BFDB5C1}.Release|Any CPU.ActiveCfg = Release|Any CPU
		{264FD8D2-5602-1C66-F5EB-88CD2BFDB5C1}.Release|Any CPU.Build.0 = Release|Any CPU
		{C0441F13-7EC5-161A-C01B-9887F637EA38}.Debug|Any CPU.ActiveCfg = Debug|Any CPU
		{C0441F13-7EC5-161A-C01B-9887F637EA38}.Debug|Any CPU.Build.0 = Debug|Any CPU
		{C0441F13-7EC5-161A-C01B-9887F637EA38}.Release|Any CPU.ActiveCfg = Release|Any CPU
		{C0441F13-7EC5-161A-C01B-9887F637EA38}.Release|Any CPU.Build.0 = Release|Any CPU
	EndGlobalSection
	GlobalSection(SolutionProperties) = preSolution
		HideSolutionNode = FALSE
	EndGlobalSection
						GlobalSection(MonoDevelopProperties) = preSolution
		StartupItem = Assembly-CSharp.csproj
		Policies = $0
		$0.TextStylePolicy = $1
		$1.inheritsSet = null
		$1.scope = text/x-csharp
		$0.CSharpFormattingPolicy = $2
		$2.inheritsSet = Mono
		$2.inheritsScope = text/x-csharp
		$2.scope = text/x-csharp
		$0.TextStylePolicy = $3
		$3.FileWidth = 120
		$3.TabWidth = 4
		$3.IndentWidth = 4
		$3.EolMarker = Unix
		$3.inheritsSet = Mono
		$3.inheritsScope = text/plain
		$3.scope = text/plain
	EndGlobalSection

EndGlobal
